
Microsoft Visual Studio Solution File, Format Version 12.00
# Visual Studio Version 17
VisualStudioVersion = 17.0.31903.59
MinimumVisualStudioVersion = 10.0.40219.1
Project("{2150E333-8FDC-42A3-9474-1A3956D46DE8}") = "src", "src", "{FAD437EB-DB05-4EF1-8380-0DF515234989}"
EndProject
Project("{FAE04EC0-301F-11D3-BF4B-00C04F79EFBC}") = "AuctionService", "src\AuctionService\AuctionService.csproj", "{1E647D06-E8C4-4079-8B39-63500047F462}"
EndProject
Project("{FAE04EC0-301F-11D3-BF4B-00C04F79EFBC}") = "SearchService", "src\SearchService\SearchService.csproj", "{105587F7-257C-4C71-A00B-F296C35A79E4}"
EndProject
Project("{FAE04EC0-301F-11D3-BF4B-00C04F79EFBC}") = "Contracts", "src\Contracts\Contracts.csproj", "{8F205EBE-8F25-439D-9191-88B48C8283C9}"
EndProject
Project("{FAE04EC0-301F-11D3-BF4B-00C04F79EFBC}") = "IdentityService", "src\IdentityService\IdentityService.csproj", "{5BE3F057-011E-4307-AFE0-45EFBCDEAA9F}"
EndProject
Project("{FAE04EC0-301F-11D3-BF4B-00C04F79EFBC}") = "GatewayService", "src\GatewayService\GatewayService.csproj", "{F9525B2C-FBE0-4DD5-8EA1-998BE2121A45}"
EndProject
Project("{FAE04EC0-301F-11D3-BF4B-00C04F79EFBC}") = "BiddingService", "src\BiddingService\BiddingService.csproj", "{D3403D89-F089-4252-A472-2D188F4375DD}"
EndProject
Project("{FAE04EC0-301F-11D3-BF4B-00C04F79EFBC}") = "NotificationService", "src\NotificationService\NotificationService.csproj", "{CC1A344E-6B2E-4D4B-BFD6-3CEA75D4790A}"
EndProject
Project("{2150E333-8FDC-42A3-9474-1A3956D46DE8}") = "tests", "tests", "{5EE1C646-56E8-4D68-AD6E-3FEE3A0FD7D4}"
EndProject
Project("{FAE04EC0-301F-11D3-BF4B-00C04F79EFBC}") = "AuctionService.UnitTests", "tests\AuctionService.UnitTests\AuctionService.UnitTests.csproj", "{234CC0B5-39B8-4DAB-AA70-59DCE4EAE696}"
EndProject
Project("{FAE04EC0-301F-11D3-BF4B-00C04F79EFBC}") = "AuctionService.IntegrationTests", "tests\AuctionService.IntegrationTests\AuctionService.IntegrationTests.csproj", "{C3FB9988-08A7-451F-A64E-BFF9905580E9}"
EndProject
Global
	GlobalSection(SolutionConfigurationPlatforms) = preSolution
		Debug|Any CPU = Debug|Any CPU
		Release|Any CPU = Release|Any CPU
	EndGlobalSection
	GlobalSection(SolutionProperties) = preSolution
		HideSolutionNode = FALSE
	EndGlobalSection
	GlobalSection(ProjectConfigurationPlatforms) = postSolution
		{1E647D06-E8C4-4079-8B39-63500047F462}.Debug|Any CPU.ActiveCfg = Debug|Any CPU
		{1E647D06-E8C4-4079-8B39-63500047F462}.Debug|Any CPU.Build.0 = Debug|Any CPU
		{1E647D06-E8C4-4079-8B39-63500047F462}.Release|Any CPU.ActiveCfg = Release|Any CPU
		{1E647D06-E8C4-4079-8B39-63500047F462}.Release|Any CPU.Build.0 = Release|Any CPU
		{105587F7-257C-4C71-A00B-F296C35A79E4}.Debug|Any CPU.ActiveCfg = Debug|Any CPU
		{105587F7-257C-4C71-A00B-F296C35A79E4}.Debug|Any CPU.Build.0 = Debug|Any CPU
		{105587F7-257C-4C71-A00B-F296C35A79E4}.Release|Any CPU.ActiveCfg = Release|Any CPU
		{105587F7-257C-4C71-A00B-F296C35A79E4}.Release|Any CPU.Build.0 = Release|Any CPU
		{8F205EBE-8F25-439D-9191-88B48C8283C9}.Debug|Any CPU.ActiveCfg = Debug|Any CPU
		{8F205EBE-8F25-439D-9191-88B48C8283C9}.Debug|Any CPU.Build.0 = Debug|Any CPU
		{8F205EBE-8F25-439D-9191-88B48C8283C9}.Release|Any CPU.ActiveCfg = Release|Any CPU
		{8F205EBE-8F25-439D-9191-88B48C8283C9}.Release|Any CPU.Build.0 = Release|Any CPU
		{5BE3F057-011E-4307-AFE0-45EFBCDEAA9F}.Debug|Any CPU.ActiveCfg = Debug|Any CPU
		{5BE3F057-011E-4307-AFE0-45EFBCDEAA9F}.Debug|Any CPU.Build.0 = Debug|Any CPU
		{5BE3F057-011E-4307-AFE0-45EFBCDEAA9F}.Release|Any CPU.ActiveCfg = Release|Any CPU
		{5BE3F057-011E-4307-AFE0-45EFBCDEAA9F}.Release|Any CPU.Build.0 = Release|Any CPU
		{F9525B2C-FBE0-4DD5-8EA1-998BE2121A45}.Debug|Any CPU.ActiveCfg = Debug|Any CPU
		{F9525B2C-FBE0-4DD5-8EA1-998BE2121A45}.Debug|Any CPU.Build.0 = Debug|Any CPU
		{F9525B2C-FBE0-4DD5-8EA1-998BE2121A45}.Release|Any CPU.ActiveCfg = Release|Any CPU
		{F9525B2C-FBE0-4DD5-8EA1-998BE2121A45}.Release|Any CPU.Build.0 = Release|Any CPU
		{D3403D89-F089-4252-A472-2D188F4375DD}.Debug|Any CPU.ActiveCfg = Debug|Any CPU
		{D3403D89-F089-4252-A472-2D188F4375DD}.Debug|Any CPU.Build.0 = Debug|Any CPU
		{D3403D89-F089-4252-A472-2D188F4375DD}.Release|Any CPU.ActiveCfg = Release|Any CPU
		{D3403D89-F089-4252-A472-2D188F4375DD}.Release|Any CPU.Build.0 = Release|Any CPU
		{CC1A344E-6B2E-4D4B-BFD6-3CEA75D4790A}.Debug|Any CPU.ActiveCfg = Debug|Any CPU
		{CC1A344E-6B2E-4D4B-BFD6-3CEA75D4790A}.Debug|Any CPU.Build.0 = Debug|Any CPU
		{CC1A344E-6B2E-4D4B-BFD6-3CEA75D4790A}.Release|Any CPU.ActiveCfg = Release|Any CPU
		{CC1A344E-6B2E-4D4B-BFD6-3CEA75D4790A}.Release|Any CPU.Build.0 = Release|Any CPU
		{234CC0B5-39B8-4DAB-AA70-59DCE4EAE696}.Debug|Any CPU.ActiveCfg = Debug|Any CPU
		{234CC0B5-39B8-4DAB-AA70-59DCE4EAE696}.Debug|Any CPU.Build.0 = Debug|Any CPU
		{234CC0B5-39B8-4DAB-AA70-59DCE4EAE696}.Release|Any CPU.ActiveCfg = Release|Any CPU
		{234CC0B5-39B8-4DAB-AA70-59DCE4EAE696}.Release|Any CPU.Build.0 = Release|Any CPU
		{C3FB9988-08A7-451F-A64E-BFF9905580E9}.Debug|Any CPU.ActiveCfg = Debug|Any CPU
		{C3FB9988-08A7-451F-A64E-BFF9905580E9}.Debug|Any CPU.Build.0 = Debug|Any CPU
		{C3FB9988-08A7-451F-A64E-BFF9905580E9}.Release|Any CPU.ActiveCfg = Release|Any CPU
		{C3FB9988-08A7-451F-A64E-BFF9905580E9}.Release|Any CPU.Build.0 = Release|Any CPU
	EndGlobalSection
	GlobalSection(NestedProjects) = preSolution
		{1E647D06-E8C4-4079-8B39-63500047F462} = {FAD437EB-DB05-4EF1-8380-0DF515234989}
		{105587F7-257C-4C71-A00B-F296C35A79E4} = {FAD437EB-DB05-4EF1-8380-0DF515234989}
		{8F205EBE-8F25-439D-9191-88B48C8283C9} = {FAD437EB-DB05-4EF1-8380-0DF515234989}
		{5BE3F057-011E-4307-AFE0-45EFBCDEAA9F} = {FAD437EB-DB05-4EF1-8380-0DF515234989}
		{F9525B2C-FBE0-4DD5-8EA1-998BE2121A45} = {FAD437EB-DB05-4EF1-8380-0DF515234989}
		{D3403D89-F089-4252-A472-2D188F4375DD} = {FAD437EB-DB05-4EF1-8380-0DF515234989}
		{CC1A344E-6B2E-4D4B-BFD6-3CEA75D4790A} = {FAD437EB-DB05-4EF1-8380-0DF515234989}
		{234CC0B5-39B8-4DAB-AA70-59DCE4EAE696} = {5EE1C646-56E8-4D68-AD6E-3FEE3A0FD7D4}
		{C3FB9988-08A7-451F-A64E-BFF9905580E9} = {5EE1C646-56E8-4D68-AD6E-3FEE3A0FD7D4}
	EndGlobalSection
EndGlobal
